
Microsoft Visual Studio Solution File, Format Version 12.00
# Visual Studio Version 16
VisualStudioVersion = 16.0.31911.196
MinimumVisualStudioVersion = 10.0.40219.1
Project("{2150E333-8FDC-42A3-9474-1A3956D46DE8}") = "Web", "Web", "{37FD48EE-A167-44AE-A170-8D3AED4E3652}"
EndProject
Project("{2150E333-8FDC-42A3-9474-1A3956D46DE8}") = "Services", "Services", "{46652B96-77E9-4CEA-885D-C6253BD7632C}"
EndProject
Project("{9A19103F-16F7-4668-BE54-9A1E7A4F7556}") = "SamleProductsApi", "SamleProductsApi\SamleProductsApi.csproj", "{824CED86-9CBA-4CE8-B231-28F151520FAC}"
EndProject
Global
	GlobalSection(SolutionConfigurationPlatforms) = preSolution
		Debug|Any CPU = Debug|Any CPU
		Release|Any CPU = Release|Any CPU
	EndGlobalSection
	GlobalSection(ProjectConfigurationPlatforms) = postSolution
		{824CED86-9CBA-4CE8-B231-28F151520FAC}.Debug|Any CPU.ActiveCfg = Debug|Any CPU
		{824CED86-9CBA-4CE8-B231-28F151520FAC}.Debug|Any CPU.Build.0 = Debug|Any CPU
		{824CED86-9CBA-4CE8-B231-28F151520FAC}.Release|Any CPU.ActiveCfg = Release|Any CPU
		{824CED86-9CBA-4CE8-B231-28F151520FAC}.Release|Any CPU.Build.0 = Release|Any CPU
	EndGlobalSection
	GlobalSection(SolutionProperties) = preSolution
		HideSolutionNode = FALSE
	EndGlobalSection
	GlobalSection(NestedProjects) = preSolution
		{824CED86-9CBA-4CE8-B231-28F151520FAC} = {46652B96-77E9-4CEA-885D-C6253BD7632C}
	EndGlobalSection
	GlobalSection(ExtensibilityGlobals) = postSolution
		SolutionGuid = {3E09FAA4-24D0-49BF-883B-0AC1F66F83FA}
	EndGlobalSection
EndGlobal
